
Microsoft Visual Studio Solution File, Format Version 12.00
# Visual Studio Version 16
VisualStudioVersion = 16.0.30128.74
MinimumVisualStudioVersion = 10.0.40219.1
Project("{FAE04EC0-301F-11D3-BF4B-00C04F79EFBC}") = "TreeNodeSizeExample.UWP", "TreeNodeSizeExample\TreeNodeSizeExample.UWP\TreeNodeSizeExample.UWP.csproj", "{6A12D313-6D94-42E0-95A5-E121E770606B}"
EndProject
Project("{FAE04EC0-301F-11D3-BF4B-00C04F79EFBC}") = "TreeNodeSizeExample.Android", "TreeNodeSizeExample\TreeNodeSizeExample.Android\TreeNodeSizeExample.Android.csproj", "{7D76CFC8-9462-4E28-8FE0-A25BA7788216}"
EndProject
Project("{FAE04EC0-301F-11D3-BF4B-00C04F79EFBC}") = "TreeNodeSizeExample.iOS", "TreeNodeSizeExample\TreeNodeSizeExample.iOS\TreeNodeSizeExample.iOS.csproj", "{2992EF59-C12F-4E4E-B202-7AA08C89D127}"
EndProject
Project("{FAE04EC0-301F-11D3-BF4B-00C04F79EFBC}") = "TreeNodeSizeExample", "TreeNodeSizeExample\TreeNodeSizeExample\TreeNodeSizeExample.csproj", "{19D988AA-1E1F-4C20-9A05-57A3AF05F8E7}"
EndProject
Global
	GlobalSection(SolutionConfigurationPlatforms) = preSolution
		Debug|Any CPU = Debug|Any CPU
		Debug|ARM = Debug|ARM
		Debug|iPhone = Debug|iPhone
		Debug|iPhoneSimulator = Debug|iPhoneSimulator
		Debug|x64 = Debug|x64
		Debug|x86 = Debug|x86
		Release|Any CPU = Release|Any CPU
		Release|ARM = Release|ARM
		Release|iPhone = Release|iPhone
		Release|iPhoneSimulator = Release|iPhoneSimulator
		Release|x64 = Release|x64
		Release|x86 = Release|x86
	EndGlobalSection
	GlobalSection(ProjectConfigurationPlatforms) = postSolution
		{6A12D313-6D94-42E0-95A5-E121E770606B}.Debug|Any CPU.ActiveCfg = Debug|x86
		{6A12D313-6D94-42E0-95A5-E121E770606B}.Debug|Any CPU.Build.0 = Debug|x86
		{6A12D313-6D94-42E0-95A5-E121E770606B}.Debug|Any CPU.Deploy.0 = Debug|x86
		{6A12D313-6D94-42E0-95A5-E121E770606B}.Debug|ARM.ActiveCfg = Debug|ARM
		{6A12D313-6D94-42E0-95A5-E121E770606B}.Debug|ARM.Build.0 = Debug|ARM
		{6A12D313-6D94-42E0-95A5-E121E770606B}.Debug|ARM.Deploy.0 = Debug|ARM
		{6A12D313-6D94-42E0-95A5-E121E770606B}.Debug|iPhone.ActiveCfg = Debug|x86
		{6A12D313-6D94-42E0-95A5-E121E770606B}.Debug|iPhone.Build.0 = Debug|x86
		{6A12D313-6D94-42E0-95A5-E121E770606B}.Debug|iPhone.Deploy.0 = Debug|x86
		{6A12D313-6D94-42E0-95A5-E121E770606B}.Debug|iPhoneSimulator.ActiveCfg = Debug|x86
		{6A12D313-6D94-42E0-95A5-E121E770606B}.Debug|iPhoneSimulator.Build.0 = Debug|x86
		{6A12D313-6D94-42E0-95A5-E121E770606B}.Debug|iPhoneSimulator.Deploy.0 = Debug|x86
		{6A12D313-6D94-42E0-95A5-E121E770606B}.Debug|x64.ActiveCfg = Debug|x64
		{6A12D313-6D94-42E0-95A5-E121E770606B}.Debug|x64.Build.0 = Debug|x64
		{6A12D313-6D94-42E0-95A5-E121E770606B}.Debug|x64.Deploy.0 = Debug|x64
		{6A12D313-6D94-42E0-95A5-E121E770606B}.Debug|x86.ActiveCfg = Debug|x86
		{6A12D313-6D94-42E0-95A5-E121E770606B}.Debug|x86.Build.0 = Debug|x86
		{6A12D313-6D94-42E0-95A5-E121E770606B}.Debug|x86.Deploy.0 = Debug|x86
		{6A12D313-6D94-42E0-95A5-E121E770606B}.Release|Any CPU.ActiveCfg = Release|x86
		{6A12D313-6D94-42E0-95A5-E121E770606B}.Release|Any CPU.Build.0 = Release|x86
		{6A12D313-6D94-42E0-95A5-E121E770606B}.Release|Any CPU.Deploy.0 = Release|x86
		{6A12D313-6D94-42E0-95A5-E121E770606B}.Release|ARM.ActiveCfg = Release|ARM
		{6A12D313-6D94-42E0-95A5-E121E770606B}.Release|ARM.Build.0 = Release|ARM
		{6A12D313-6D94-42E0-95A5-E121E770606B}.Release|ARM.Deploy.0 = Release|ARM
		{6A12D313-6D94-42E0-95A5-E121E770606B}.Release|iPhone.ActiveCfg = Release|x86
		{6A12D313-6D94-42E0-95A5-E121E770606B}.Release|iPhone.Build.0 = Release|x86
		{6A12D313-6D94-42E0-95A5-E121E770606B}.Release|iPhone.Deploy.0 = Release|x86
		{6A12D313-6D94-42E0-95A5-E121E770606B}.Release|iPhoneSimulator.ActiveCfg = Release|x86
		{6A12D313-6D94-42E0-95A5-E121E770606B}.Release|iPhoneSimulator.Build.0 = Release|x86
		{6A12D313-6D94-42E0-95A5-E121E770606B}.Release|iPhoneSimulator.Deploy.0 = Release|x86
		{6A12D313-6D94-42E0-95A5-E121E770606B}.Release|x64.ActiveCfg = Release|x64
		{6A12D313-6D94-42E0-95A5-E121E770606B}.Release|x64.Build.0 = Release|x64
		{6A12D313-6D94-42E0-95A5-E121E770606B}.Release|x64.Deploy.0 = Release|x64
		{6A12D313-6D94-42E0-95A5-E121E770606B}.Release|x86.ActiveCfg = Release|x86
		{6A12D313-6D94-42E0-95A5-E121E770606B}.Release|x86.Build.0 = Release|x86
		{6A12D313-6D94-42E0-95A5-E121E770606B}.Release|x86.Deploy.0 = Release|x86
		{7D76CFC8-9462-4E28-8FE0-A25BA7788216}.Debug|Any CPU.ActiveCfg = Debug|Any CPU
		{7D76CFC8-9462-4E28-8FE0-A25BA7788216}.Debug|Any CPU.Build.0 = Debug|Any CPU
		{7D76CFC8-9462-4E28-8FE0-A25BA7788216}.Debug|Any CPU.Deploy.0 = Debug|Any CPU
		{7D76CFC8-9462-4E28-8FE0-A25BA7788216}.Debug|ARM.ActiveCfg = Debug|Any CPU
		{7D76CFC8-9462-4E28-8FE0-A25BA7788216}.Debug|ARM.Build.0 = Debug|Any CPU
		{7D76CFC8-9462-4E28-8FE0-A25BA7788216}.Debug|ARM.Deploy.0 = Debug|Any CPU
		{7D76CFC8-9462-4E28-8FE0-A25BA7788216}.Debug|iPhone.ActiveCfg = Debug|Any CPU
		{7D76CFC8-9462-4E28-8FE0-A25BA7788216}.Debug|iPhone.Build.0 = Debug|Any CPU
		{7D76CFC8-9462-4E28-8FE0-A25BA7788216}.Debug|iPhone.Deploy.0 = Debug|Any CPU
		{7D76CFC8-9462-4E28-8FE0-A25BA7788216}.Debug|iPhoneSimulator.ActiveCfg = Debug|Any CPU
		{7D76CFC8-9462-4E28-8FE0-A25BA7788216}.Debug|iPhoneSimulator.Build.0 = Debug|Any CPU
		{7D76CFC8-9462-4E28-8FE0-A25BA7788216}.Debug|iPhoneSimulator.Deploy.0 = Debug|Any CPU
		{7D76CFC8-9462-4E28-8FE0-A25BA7788216}.Debug|x64.ActiveCfg = Debug|Any CPU
		{7D76CFC8-9462-4E28-8FE0-A25BA7788216}.Debug|x64.Build.0 = Debug|Any CPU
		{7D76CFC8-9462-4E28-8FE0-A25BA7788216}.Debug|x64.Deploy.0 = Debug|Any CPU
		{7D76CFC8-9462-4E28-8FE0-A25BA7788216}.Debug|x86.ActiveCfg = Debug|Any CPU
		{7D76CFC8-9462-4E28-8FE0-A25BA7788216}.Debug|x86.Build.0 = Debug|Any CPU
		{7D76CFC8-9462-4E28-8FE0-A25BA7788216}.Debug|x86.Deploy.0 = Debug|Any CPU
		{7D76CFC8-9462-4E28-8FE0-A25BA7788216}.Release|Any CPU.ActiveCfg = Release|Any CPU
		{7D76CFC8-9462-4E28-8FE0-A25BA7788216}.Release|Any CPU.Build.0 = Release|Any CPU
		{7D76CFC8-9462-4E28-8FE0-A25BA7788216}.Release|Any CPU.Deploy.0 = Release|Any CPU
		{7D76CFC8-9462-4E28-8FE0-A25BA7788216}.Release|ARM.ActiveCfg = Release|Any CPU
		{7D76CFC8-9462-4E28-8FE0-A25BA7788216}.Release|ARM.Build.0 = Release|Any CPU
		{7D76CFC8-9462-4E28-8FE0-A25BA7788216}.Release|ARM.Deploy.0 = Release|Any CPU
		{7D76CFC8-9462-4E28-8FE0-A25BA7788216}.Release|iPhone.ActiveCfg = Release|Any CPU
		{7D76CFC8-9462-4E28-8FE0-A25BA7788216}.Release|iPhone.Build.0 = Release|Any CPU
		{7D76CFC8-9462-4E28-8FE0-A25BA7788216}.Release|iPhone.Deploy.0 = Release|Any CPU
		{7D76CFC8-9462-4E28-8FE0-A25BA7788216}.Release|iPhoneSimulator.ActiveCfg = Release|Any CPU
		{7D76CFC8-9462-4E28-8FE0-A25BA7788216}.Release|iPhoneSimulator.Build.0 = Release|Any CPU
		{7D76CFC8-9462-4E28-8FE0-A25BA7788216}.Release|iPhoneSimulator.Deploy.0 = Release|Any CPU
		{7D76CFC8-9462-4E28-8FE0-A25BA7788216}.Release|x64.ActiveCfg = Release|Any CPU
		{7D76CFC8-9462-4E28-8FE0-A25BA7788216}.Release|x64.Build.0 = Release|Any CPU
		{7D76CFC8-9462-4E28-8FE0-A25BA7788216}.Release|x64.Deploy.0 = Release|Any CPU
		{7D76CFC8-9462-4E28-8FE0-A25BA7788216}.Release|x86.ActiveCfg = Release|Any CPU
		{7D76CFC8-9462-4E28-8FE0-A25BA7788216}.Release|x86.Build.0 = Release|Any CPU
		{7D76CFC8-9462-4E28-8FE0-A25BA7788216}.Release|x86.Deploy.0 = Release|Any CPU
		{2992EF59-C12F-4E4E-B202-7AA08C89D127}.Debug|Any CPU.ActiveCfg = Debug|iPhone
		{2992EF59-C12F-4E4E-B202-7AA08C89D127}.Debug|Any CPU.Build.0 = Debug|iPhone
		{2992EF59-C12F-4E4E-B202-7AA08C89D127}.Debug|Any CPU.Deploy.0 = Debug|iPhone
		{2992EF59-C12F-4E4E-B202-7AA08C89D127}.Debug|ARM.ActiveCfg = Debug|iPhone
		{2992EF59-C12F-4E4E-B202-7AA08C89D127}.Debug|ARM.Build.0 = Debug|iPhone
		{2992EF59-C12F-4E4E-B202-7AA08C89D127}.Debug|ARM.Deploy.0 = Debug|iPhone
		{2992EF59-C12F-4E4E-B202-7AA08C89D127}.Debug|iPhone.ActiveCfg = Debug|iPhone
		{2992EF59-C12F-4E4E-B202-7AA08C89D127}.Debug|iPhone.Build.0 = Debug|iPhone
		{2992EF59-C12F-4E4E-B202-7AA08C89D127}.Debug|iPhone.Deploy.0 = Debug|iPhone
		{2992EF59-C12F-4E4E-B202-7AA08C89D127}.Debug|iPhoneSimulator.ActiveCfg = Debug|iPhoneSimulator
		{2992EF59-C12F-4E4E-B202-7AA08C89D127}.Debug|iPhoneSimulator.Build.0 = Debug|iPhoneSimulator
		{2992EF59-C12F-4E4E-B202-7AA08C89D127}.Debug|iPhoneSimulator.Deploy.0 = Debug|iPhoneSimulator
		{2992EF59-C12F-4E4E-B202-7AA08C89D127}.Debug|x64.ActiveCfg = Debug|iPhone
		{2992EF59-C12F-4E4E-B202-7AA08C89D127}.Debug|x64.Build.0 = Debug|iPhone
		{2992EF59-C12F-4E4E-B202-7AA08C89D127}.Debug|x64.Deploy.0 = Debug|iPhone
		{2992EF59-C12F-4E4E-B202-7AA08C89D127}.Debug|x86.ActiveCfg = Debug|iPhone
		{2992EF59-C12F-4E4E-B202-7AA08C89D127}.Debug|x86.Build.0 = Debug|iPhone
		{2992EF59-C12F-4E4E-B202-7AA08C89D127}.Debug|x86.Deploy.0 = Debug|iPhone
		{2992EF59-C12F-4E4E-B202-7AA08C89D127}.Release|Any CPU.ActiveCfg = Release|iPhone
		{2992EF59-C12F-4E4E-B202-7AA08C89D127}.Release|Any CPU.Build.0 = Release|iPhone
		{2992EF59-C12F-4E4E-B202-7AA08C89D127}.Release|Any CPU.Deploy.0 = Release|iPhone
		{2992EF59-C12F-4E4E-B202-7AA08C89D127}.Release|ARM.ActiveCfg = Release|iPhone
		{2992EF59-C12F-4E4E-B202-7AA08C89D127}.Release|ARM.Build.0 = Release|iPhone
		{2992EF59-C12F-4E4E-B202-7AA08C89D127}.Release|ARM.Deploy.0 = Release|iPhone
		{2992EF59-C12F-4E4E-B202-7AA08C89D127}.Release|iPhone.ActiveCfg = Release|iPhone
		{2992EF59-C12F-4E4E-B202-7AA08C89D127}.Release|iPhone.Build.0 = Release|iPhone
		{2992EF59-C12F-4E4E-B202-7AA08C89D127}.Release|iPhone.Deploy.0 = Release|iPhone
		{2992EF59-C12F-4E4E-B202-7AA08C89D127}.Release|iPhoneSimulator.ActiveCfg = Release|iPhoneSimulator
		{2992EF59-C12F-4E4E-B202-7AA08C89D127}.Release|iPhoneSimulator.Build.0 = Release|iPhoneSimulator
		{2992EF59-C12F-4E4E-B202-7AA08C89D127}.Release|iPhoneSimulator.Deploy.0 = Release|iPhoneSimulator
		{2992EF59-C12F-4E4E-B202-7AA08C89D127}.Release|x64.ActiveCfg = Release|iPhone
		{2992EF59-C12F-4E4E-B202-7AA08C89D127}.Release|x64.Build.0 = Release|iPhone
		{2992EF59-C12F-4E4E-B202-7AA08C89D127}.Release|x64.Deploy.0 = Release|iPhone
		{2992EF59-C12F-4E4E-B202-7AA08C89D127}.Release|x86.ActiveCfg = Release|iPhone
		{2992EF59-C12F-4E4E-B202-7AA08C89D127}.Release|x86.Build.0 = Release|iPhone
		{2992EF59-C12F-4E4E-B202-7AA08C89D127}.Release|x86.Deploy.0 = Release|iPhone
		{19D988AA-1E1F-4C20-9A05-57A3AF05F8E7}.Debug|Any CPU.ActiveCfg = Debug|Any CPU
		{19D988AA-1E1F-4C20-9A05-57A3AF05F8E7}.Debug|Any CPU.Build.0 = Debug|Any CPU
		{19D988AA-1E1F-4C20-9A05-57A3AF05F8E7}.Debug|Any CPU.Deploy.0 = Debug|Any CPU
		{19D988AA-1E1F-4C20-9A05-57A3AF05F8E7}.Debug|ARM.ActiveCfg = Debug|Any CPU
		{19D988AA-1E1F-4C20-9A05-57A3AF05F8E7}.Debug|ARM.Build.0 = Debug|Any CPU
		{19D988AA-1E1F-4C20-9A05-57A3AF05F8E7}.Debug|ARM.Deploy.0 = Debug|Any CPU
		{19D988AA-1E1F-4C20-9A05-57A3AF05F8E7}.Debug|iPhone.ActiveCfg = Debug|Any CPU
		{19D988AA-1E1F-4C20-9A05-57A3AF05F8E7}.Debug|iPhone.Build.0 = Debug|Any CPU
		{19D988AA-1E1F-4C20-9A05-57A3AF05F8E7}.Debug|iPhone.Deploy.0 = Debug|Any CPU
		{19D988AA-1E1F-4C20-9A05-57A3AF05F8E7}.Debug|iPhoneSimulator.ActiveCfg = Debug|Any CPU
		{19D988AA-1E1F-4C20-9A05-57A3AF05F8E7}.Debug|iPhoneSimulator.Build.0 = Debug|Any CPU
		{19D988AA-1E1F-4C20-9A05-57A3AF05F8E7}.Debug|iPhoneSimulator.Deploy.0 = Debug|Any CPU
		{19D988AA-1E1F-4C20-9A05-57A3AF05F8E7}.Debug|x64.ActiveCfg = Debug|Any CPU
		{19D988AA-1E1F-4C20-9A05-57A3AF05F8E7}.Debug|x64.Build.0 = Debug|Any CPU
		{19D988AA-1E1F-4C20-9A05-57A3AF05F8E7}.Debug|x64.Deploy.0 = Debug|Any CPU
		{19D988AA-1E1F-4C20-9A05-57A3AF05F8E7}.Debug|x86.ActiveCfg = Debug|Any CPU
		{19D988AA-1E1F-4C20-9A05-57A3AF05F8E7}.Debug|x86.Build.0 = Debug|Any CPU
		{19D988AA-1E1F-4C20-9A05-57A3AF05F8E7}.Debug|x86.Deploy.0 = Debug|Any CPU
		{19D988AA-1E1F-4C20-9A05-57A3AF05F8E7}.Release|Any CPU.ActiveCfg = Release|Any CPU
		{19D988AA-1E1F-4C20-9A05-57A3AF05F8E7}.Release|Any CPU.Build.0 = Release|Any CPU
		{19D988AA-1E1F-4C20-9A05-57A3AF05F8E7}.Release|Any CPU.Deploy.0 = Release|Any CPU
		{19D988AA-1E1F-4C20-9A05-57A3AF05F8E7}.Release|ARM.ActiveCfg = Release|Any CPU
		{19D988AA-1E1F-4C20-9A05-57A3AF05F8E7}.Release|ARM.Build.0 = Release|Any CPU
		{19D988AA-1E1F-4C20-9A05-57A3AF05F8E7}.Release|ARM.Deploy.0 = Release|Any CPU
		{19D988AA-1E1F-4C20-9A05-57A3AF05F8E7}.Release|iPhone.ActiveCfg = Release|Any CPU
		{19D988AA-1E1F-4C20-9A05-57A3AF05F8E7}.Release|iPhone.Build.0 = Release|Any CPU
		{19D988AA-1E1F-4C20-9A05-57A3AF05F8E7}.Release|iPhone.Deploy.0 = Release|Any CPU
		{19D988AA-1E1F-4C20-9A05-57A3AF05F8E7}.Release|iPhoneSimulator.ActiveCfg = Release|Any CPU
		{19D988AA-1E1F-4C20-9A05-57A3AF05F8E7}.Release|iPhoneSimulator.Build.0 = Release|Any CPU
		{19D988AA-1E1F-4C20-9A05-57A3AF05F8E7}.Release|iPhoneSimulator.Deploy.0 = Release|Any CPU
		{19D988AA-1E1F-4C20-9A05-57A3AF05F8E7}.Release|x64.ActiveCfg = Release|Any CPU
		{19D988AA-1E1F-4C20-9A05-57A3AF05F8E7}.Release|x64.Build.0 = Release|Any CPU
		{19D988AA-1E1F-4C20-9A05-57A3AF05F8E7}.Release|x64.Deploy.0 = Release|Any CPU
		{19D988AA-1E1F-4C20-9A05-57A3AF05F8E7}.Release|x86.ActiveCfg = Release|Any CPU
		{19D988AA-1E1F-4C20-9A05-57A3AF05F8E7}.Release|x86.Build.0 = Release|Any CPU
		{19D988AA-1E1F-4C20-9A05-57A3AF05F8E7}.Release|x86.Deploy.0 = Release|Any CPU
	EndGlobalSection
	GlobalSection(SolutionProperties) = preSolution
		HideSolutionNode = FALSE
	EndGlobalSection
	GlobalSection(ExtensibilityGlobals) = postSolution
		SolutionGuid = {B0C5FEC7-E8D1-42FC-96C5-E4B33FE16175}
	EndGlobalSection
EndGlobal
